
Microsoft Visual Studio Solution File, Format Version 12.00
# Visual Studio Version 16
VisualStudioVersion = 16.0.29911.84
MinimumVisualStudioVersion = 10.0.40219.1
Project("{FAE04EC0-301F-11D3-BF4B-00C04F79EFBC}") = "BooleanPInvokeAnalyzer", "BooleanPInvokeAnalyzer\BooleanPInvokeAnalyzer\BooleanPInvokeAnalyzer.csproj", "{D9792437-D855-477C-AD39-54C809FFAC00}"
EndProject
Project("{FAE04EC0-301F-11D3-BF4B-00C04F79EFBC}") = "BooleanPInvokeAnalyzer.Test", "BooleanPInvokeAnalyzer\BooleanPInvokeAnalyzer.Test\BooleanPInvokeAnalyzer.Test.csproj", "{6E8EAE8E-FC08-4DCE-A6E2-06EE2F4897BE}"
EndProject
Project("{FAE04EC0-301F-11D3-BF4B-00C04F79EFBC}") = "BooleanPInvokeAnalyzer.Vsix", "BooleanPInvokeAnalyzer\BooleanPInvokeAnalyzer.Vsix\BooleanPInvokeAnalyzer.Vsix.csproj", "{6024780F-7FF6-4AA9-8822-06311D1CBEC9}"
EndProject
Global
	GlobalSection(SolutionConfigurationPlatforms) = preSolution
		Debug|Any CPU = Debug|Any CPU
		Release|Any CPU = Release|Any CPU
	EndGlobalSection
	GlobalSection(ProjectConfigurationPlatforms) = postSolution
		{D9792437-D855-477C-AD39-54C809FFAC00}.Debug|Any CPU.ActiveCfg = Debug|Any CPU
		{D9792437-D855-477C-AD39-54C809FFAC00}.Debug|Any CPU.Build.0 = Debug|Any CPU
		{D9792437-D855-477C-AD39-54C809FFAC00}.Release|Any CPU.ActiveCfg = Release|Any CPU
		{D9792437-D855-477C-AD39-54C809FFAC00}.Release|Any CPU.Build.0 = Release|Any CPU
		{6E8EAE8E-FC08-4DCE-A6E2-06EE2F4897BE}.Debug|Any CPU.ActiveCfg = Debug|Any CPU
		{6E8EAE8E-FC08-4DCE-A6E2-06EE2F4897BE}.Debug|Any CPU.Build.0 = Debug|Any CPU
		{6E8EAE8E-FC08-4DCE-A6E2-06EE2F4897BE}.Release|Any CPU.ActiveCfg = Release|Any CPU
		{6E8EAE8E-FC08-4DCE-A6E2-06EE2F4897BE}.Release|Any CPU.Build.0 = Release|Any CPU
		{6024780F-7FF6-4AA9-8822-06311D1CBEC9}.Debug|Any CPU.ActiveCfg = Debug|Any CPU
		{6024780F-7FF6-4AA9-8822-06311D1CBEC9}.Debug|Any CPU.Build.0 = Debug|Any CPU
		{6024780F-7FF6-4AA9-8822-06311D1CBEC9}.Release|Any CPU.ActiveCfg = Release|Any CPU
		{6024780F-7FF6-4AA9-8822-06311D1CBEC9}.Release|Any CPU.Build.0 = Release|Any CPU
	EndGlobalSection
	GlobalSection(SolutionProperties) = preSolution
		HideSolutionNode = FALSE
	EndGlobalSection
	GlobalSection(ExtensibilityGlobals) = postSolution
		SolutionGuid = {EE558983-C7FA-457C-8F94-1A9FB6A47CEC}
	EndGlobalSection
EndGlobal
